// !$*UTF8*$!
{
	archiveVersion = 1;
	classes = {
	};
	objectVersion = 46;
	objects = {

/* Begin PBXBuildFile section */
		783FE1B61EA8AE7B00478924 /* AppDelegate.swift in Sources */ = {isa = PBXBuildFile; fileRef = 783FE1B51EA8AE7B00478924 /* AppDelegate.swift */; };
		783FE1B81EA8AE7B00478924 /* ViewController.swift in Sources */ = {isa = PBXBuildFile; fileRef = 783FE1B71EA8AE7B00478924 /* ViewController.swift */; };
		783FE1BB1EA8AE7B00478924 /* Main.storyboard in Resources */ = {isa = PBXBuildFile; fileRef = 783FE1B91EA8AE7B00478924 /* Main.storyboard */; };
		783FE1BD1EA8AE7B00478924 /* Assets.xcassets in Resources */ = {isa = PBXBuildFile; fileRef = 783FE1BC1EA8AE7B00478924 /* Assets.xcassets */; };
		783FE1C01EA8AE7B00478924 /* LaunchScreen.storyboard in Resources */ = {isa = PBXBuildFile; fileRef = 783FE1BE1EA8AE7B00478924 /* LaunchScreen.storyboard */; };
/* End PBXBuildFile section */

/* Begin PBXFileReference section */
		783FE1B21EA8AE7B00478924 /* Calculator.app */ = {isa = PBXFileReference; explicitFileType = wrapper.application; includeInIndex = 0; path = Calculator.app; sourceTree = BUILT_PRODUCTS_DIR; };
		783FE1B51EA8AE7B00478924 /* AppDelegate.swift */ = {isa = PBXFileReference; lastKnownFileType = sourcecode.swift; path = AppDelegate.swift; sourceTree = "<group>"; };
		783FE1B71EA8AE7B00478924 /* ViewController.swift */ = {isa = PBXFileReference; lastKnownFileType = sourcecode.swift; path = ViewController.swift; sourceTree = "<group>"; };
		783FE1BA1EA8AE7B00478924 /* Base */ = {isa = PBXFileReference; lastKnownFileType = file.storyboard; name = Base; path = Base.lproj/Main.storyboard; sourceTree = "<group>"; };
		783FE1BC1EA8AE7B00478924 /* Assets.xcassets */ = {isa = PBXFileReference; lastKnownFileType = folder.assetcatalog; path = Assets.xcassets; sourceTree = "<group>"; };
		783FE1BF1EA8AE7B00478924 /* Base */ = {isa = PBXFileReference; lastKnownFileType = file.storyboard; name = Base; path = Base.lproj/LaunchScreen.storyboard; sourceTree = "<group>"; };
		783FE1C11EA8AE7B00478924 /* Info.plist */ = {isa = PBXFileReference; lastKnownFileType = text.plist.xml; path = Info.plist; sourceTree = "<group>"; };
/* End PBXFileReference section */

/* Begin PBXFrameworksBuildPhase section */
		783FE1AF1EA8AE7B00478924 /* Frameworks */ = {
			isa = PBXFrameworksBuildPhase;
			buildActionMask = 2147483647;
			files = (
			);
			runOnlyForDeploymentPostprocessing = 0;
		};
/* End PBXFrameworksBuildPhase section */

/* Begin PBXGroup section */
		783FE1A91EA8AE7B00478924 = {
			isa = PBXGroup;
			children = (
				783FE1B41EA8AE7B00478924 /* Calculator */,
				783FE1B31EA8AE7B00478924 /* Products */,
			);
			sourceTree = "<group>";
		};
		783FE1B31EA8AE7B00478924 /* Products */ = {
			isa = PBXGroup;
			children = (
				783FE1B21EA8AE7B00478924 /* Calculator.app */,
			);
			name = Products;
			sourceTree = "<group>";
		};
		783FE1B41EA8AE7B00478924 /* Calculator */ = {
			isa = PBXGroup;
			children = (
				783FE1B71EA8AE7B00478924 /* ViewController.swift */,
				783FE1B91EA8AE7B00478924 /* Main.storyboard */,
				783FE1C71EA8AED800478924 /* Supporting Files */,
			);
			path = Calculator;
			sourceTree = "<group>";
		};
		783FE1C71EA8AED800478924 /* Supporting Files */ = {
			isa = PBXGroup;
			children = (
				783FE1B51EA8AE7B00478924 /* AppDelegate.swift */,
				783FE1BC1EA8AE7B00478924 /* Assets.xcassets */,
				783FE1BE1EA8AE7B00478924 /* LaunchScreen.storyboard */,
				783FE1C11EA8AE7B00478924 /* Info.plist */,
			);
			name = "Supporting Files";
			sourceTree = "<group>";
		};
/* End PBXGroup section */

/* Begin PBXNativeTarget section */
		783FE1B11EA8AE7B00478924 /* Calculator */ = {
			isa = PBXNativeTarget;
			buildConfigurationList = 783FE1C41EA8AE7B00478924 /* Build configuration list for PBXNativeTarget "Calculator" */;
			buildPhases = (
				783FE1AE1EA8AE7B00478924 /* Sources */,
				783FE1AF1EA8AE7B00478924 /* Frameworks */,
				783FE1B01EA8AE7B00478924 /* Resources */,
			);
			buildRules = (
			);
			dependencies = (
			);
			name = Calculator;
			productName = Calculator;
			productReference = 783FE1B21EA8AE7B00478924 /* Calculator.app */;
			productType = "com.apple.product-type.application";
		};
/* End PBXNativeTarget section */

/* Begin PBXProject section */
		783FE1AA1EA8AE7B00478924 /* Project object */ = {
			isa = PBXProject;
			attributes = {
				LastSwiftUpdateCheck = 0830;
				LastUpgradeCheck = 0830;
				ORGANIZATIONNAME = "Complex Numbers";
				TargetAttributes = {
					783FE1B11EA8AE7B00478924 = {
						CreatedOnToolsVersion = 8.3.1;
						DevelopmentTeam = SUMP8778AD;
						ProvisioningStyle = Automatic;
					};
				};
			};
			buildConfigurationList = 783FE1AD1EA8AE7B00478924 /* Build configuration list for PBXProject "Calculator" */;
			compatibilityVersion = "Xcode 3.2";
			developmentRegion = English;
			hasScannedForEncodings = 0;
			knownRegions = (
				en,
				Base,
			);
			mainGroup = 783FE1A91EA8AE7B00478924;
			productRefGroup = 783FE1B31EA8AE7B00478924 /* Products */;
			projectDirPath = "";
			projectRoot = "";
			targets = (
				783FE1B11EA8AE7B00478924 /* Calculator */,
			);
		};
/* End PBXProject section */

/* Begin PBXResourcesBuildPhase section */
		783FE1B01EA8AE7B00478924 /* Resources */ = {
			isa = PBXResourcesBuildPhase;
			buildActionMask = 2147483647;
			files = (
				783FE1C01EA8AE7B00478924 /* LaunchScreen.storyboard in Resources */,
				783FE1BD1EA8AE7B00478924 /* Assets.xcassets in Resources */,
				783FE1BB1EA8AE7B00478924 /* Main.storyboard in Resources */,
			);
			runOnlyForDeploymentPostprocessing = 0;
		};
/* End PBXResourcesBuildPhase section */

/* Begin PBXSourcesBuildPhase section */
		783FE1AE1EA8AE7B00478924 /* Sources */ = {
			isa = PBXSourcesBuildPhase;
			buildActionMask = 2147483647;
			files = (
				783FE1B81EA8AE7B00478924 /* ViewController.swift in Sources */,
				783FE1B61EA8AE7B00478924 /* AppDelegate.swift in Sources */,
			);
			runOnlyForDeploymentPostprocessing = 0;
		};
/* End PBXSourcesBuildPhase section */

/* Begin PBXVariantGroup section */
		783FE1B91EA8AE7B00478924 /* Main.storyboard */ = {
			isa = PBXVariantGroup;
			children = (
				783FE1BA1EA8AE7B00478924 /* Base */,
			);
			name = Main.storyboard;
			sourceTree = "<group>";
		};
		783FE1BE1EA8AE7B00478924 /* LaunchScreen.storyboard */ = {
			isa = PBXVariantGroup;
			children = (
				783FE1BF1EA8AE7B00478924 /* Base */,
			);
			name = LaunchScreen.storyboard;
			sourceTree = "<group>";
		};
/* End PBXVariantGroup section */

/* Begin XCBuildConfiguration section */
		783FE1C21EA8AE7B00478924 /* Debug */ = {
			isa = XCBuildConfiguration;
			buildSettings = {
				ALWAYS_SEARCH_USER_PATHS = NO;
				CLANG_ANALYZER_NONNULL = YES;
				CLANG_ANALYZER_NUMBER_OBJECT_CONVERSION = YES_AGGRESSIVE;
				CLANG_CXX_LANGUAGE_STANDARD = "gnu++0x";
				CLANG_CXX_LIBRARY = "libc++";
				CLANG_ENABLE_MODULES = YES;
				CLANG_ENABLE_OBJC_ARC = YES;
				CLANG_WARN_BOOL_CONVERSION = YES;
				CLANG_WARN_CONSTANT_CONVERSION = YES;
				CLANG_WARN_DIRECT_OBJC_ISA_USAGE = YES_ERROR;
				CLANG_WARN_DOCUMENTATION_COMMENTS = YES;
				CLANG_WARN_EMPTY_BODY = YES;
				CLANG_WARN_ENUM_CONVERSION = YES;
				CLANG_WARN_INFINITE_RECURSION = YES;
				CLANG_WARN_INT_CONVERSION = YES;
				CLANG_WARN_OBJC_ROOT_CLASS = YES_ERROR;
				CLANG_WARN_SUSPICIOUS_MOVE = YES;
				CLANG_WARN_UNREACHABLE_CODE = YES;
				CLANG_WARN__DUPLICATE_METHOD_MATCH = YES;
				"CODE_SIGN_IDENTITY[sdk=iphoneos*]" = "iPhone Developer";
				COPY_PHASE_STRIP = NO;
				DEBUG_INFORMATION_FORMAT = dwarf;
				ENABLE_STRICT_OBJC_MSGSEND = YES;
				ENABLE_TESTABILITY = YES;
				GCC_C_LANGUAGE_STANDARD = gnu99;
				GCC_DYNAMIC_NO_PIC = NO;
				GCC_NO_COMMON_BLOCKS = YES;
				GCC_OPTIMIZATION_LEVEL = 0;
				GCC_PREPROCESSOR_DEFINITIONS = (
					"DEBUG=1",
					"$(inherited)",
				);
				GCC_WARN_64_TO_32_BIT_CONVERSION = YES;
				GCC_WARN_ABOUT_RETURN_TYPE = YES_ERROR;
				GCC_WARN_UNDECLARED_SELECTOR = YES;
				GCC_WARN_UNINITIALIZED_AUTOS = YES_AGGRESSIVE;
				GCC_WARN_UNUSED_FUNCTION = YES;
				GCC_WARN_UNUSED_VARIABLE = YES;
				IPHONEOS_DEPLOYMENT_TARGET = 10.3;
				MTL_ENABLE_DEBUG_INFO = YES;
				ONLY_ACTIVE_ARCH = YES;
				SDKROOT = iphoneos;
				SWIFT_ACTIVE_COMPILATION_CONDITIONS = DEBUG;
				SWIFT_OPTIMIZATION_LEVEL = "-Onone";
				TARGETED_DEVICE_FAMILY = "1,2";
			};
			name = Debug;
		};
		783FE1C31EA8AE7B00478924 /* Release */ = {
			isa = XCBuildConfiguration;
			buildSettings = {
				ALWAYS_SEARCH_USER_PATHS = NO;
				CLANG_ANALYZER_NONNULL = YES;
				CLANG_ANALYZER_NUMBER_OBJECT_CONVERSION = YES_AGGRESSIVE;
				CLANG_CXX_LANGUAGE_STANDARD = "gnu++0x";
				CLANG_CXX_LIBRARY = "libc++";
				CLANG_ENABLE_MODULES = YES;
				CLANG_ENABLE_OBJC_ARC = YES;
				CLANG_WARN_BOOL_CONVERSION = YES;
				CLANG_WARN_CONSTANT_CONVERSION = YES;
				CLANG_WARN_DIRECT_OBJC_ISA_USAGE = YES_ERROR;
				CLANG_WARN_DOCUMENTATION_COMMENTS = YES;
				CLANG_WARN_EMPTY_BODY = YES;
				CLANG_WARN_ENUM_CONVERSION = YES;
				CLANG_WARN_INFINITE_RECURSION = YES;
				CLANG_WARN_INT_CONVERSION = YES;
				CLANG_WARN_OBJC_ROOT_CLASS = YES_ERROR;
				CLANG_WARN_SUSPICIOUS_MOVE = YES;
				CLANG_WARN_UNREACHABLE_CODE = YES;
				CLANG_WARN__DUPLICATE_METHOD_MATCH = YES;
				"CODE_SIGN_IDENTITY[sdk=iphoneos*]" = "iPhone Developer";
				COPY_PHASE_STRIP = NO;
				DEBUG_INFORMATION_FORMAT = "dwarf-with-dsym";
				ENABLE_NS_ASSERTIONS = NO;
				ENABLE_STRICT_OBJC_MSGSEND = YES;
				GCC_C_LANGUAGE_STANDARD = gnu99;
				GCC_NO_COMMON_BLOCKS = YES;
				GCC_WARN_64_TO_32_BIT_CONVERSION = YES;
				GCC_WARN_ABOUT_RETURN_TYPE = YES_ERROR;
				GCC_WARN_UNDECLARED_SELECTOR = YES;
				GCC_WARN_UNINITIALIZED_AUTOS = YES_AGGRESSIVE;
				GCC_WARN_UNUSED_FUNCTION = YES;
				GCC_WARN_UNUSED_VARIABLE = YES;
				IPHONEOS_DEPLOYMENT_TARGET = 10.3;
				MTL_ENABLE_DEBUG_INFO = NO;
				SDKROOT = iphoneos;
				SWIFT_OPTIMIZATION_LEVEL = "-Owholemodule";
				TARGETED_DEVICE_FAMILY = "1,2";
				VALIDATE_PRODUCT = YES;
			};
			name = Release;
		};
		783FE1C51EA8AE7B00478924 /* Debug */ = {
			isa = XCBuildConfiguration;
			buildSettings = {
				ASSETCATALOG_COMPILER_APPICON_NAME = AppIcon;
				DEVELOPMENT_TEAM = SUMP8778AD;
				INFOPLIST_FILE = Calculator/Info.plist;
				LD_RUNPATH_SEARCH_PATHS = "$(inherited) @executable_path/Frameworks";
				PRODUCT_BUNDLE_IDENTIFIER = ru.complexnumbers.Calculator;
				PRODUCT_NAME = "$(TARGET_NAME)";
				SWIFT_VERSION = 3.0;
			};
			name = Debug;
		};
		783FE1C61EA8AE7B00478924 /* Release */ = {
			isa = XCBuildConfiguration;
			buildSettings = {
				ASSETCATALOG_COMPILER_APPICON_NAME = AppIcon;
				DEVELOPMENT_TEAM = SUMP8778AD;
				INFOPLIST_FILE = Calculator/Info.plist;
				LD_RUNPATH_SEARCH_PATHS = "$(inherited) @executable_path/Frameworks";
				PRODUCT_BUNDLE_IDENTIFIER = ru.complexnumbers.Calculator;
				PRODUCT_NAME = "$(TARGET_NAME)";
				SWIFT_VERSION = 3.0;
			};
			name = Release;
		};
/* End XCBuildConfiguration section */

/* Begin XCConfigurationList section */
		783FE1AD1EA8AE7B00478924 /* Build configuration list for PBXProject "Calculator" */ = {
			isa = XCConfigurationList;
			buildConfigurations = (
				783FE1C21EA8AE7B00478924 /* Debug */,
				783FE1C31EA8AE7B00478924 /* Release */,
			);
			defaultConfigurationIsVisible = 0;
			defaultConfigurationName = Release;
		};
		783FE1C41EA8AE7B00478924 /* Build configuration list for PBXNativeTarget "Calculator" */ = {
			isa = XCConfigurationList;
			buildConfigurations = (
				783FE1C51EA8AE7B00478924 /* Debug */,
				783FE1C61EA8AE7B00478924 /* Release */,
			);
			defaultConfigurationIsVisible = 0;
			defaultConfigurationName = Release;
		};
/* End XCConfigurationList section */
	};
	rootObject = 783FE1AA1EA8AE7B00478924 /* Project object */;
}
